
Microsoft Visual Studio Solution File, Format Version 12.00
# Visual Studio Version 16
VisualStudioVersion = 16.0.31313.79
MinimumVisualStudioVersion = 10.0.40219.1
Project("{FAE04EC0-301F-11D3-BF4B-00C04F79EFBC}") = "Control Industrial Processes Blazor Version", "Control Industrial Processes Blazor Version\Control Industrial Processes Blazor Version.csproj", "{A336A7AA-DF57-4904-BDD1-65CFD64C7D77}"
EndProject
Global
	GlobalSection(SolutionConfigurationPlatforms) = preSolution
		Debug|Any CPU = Debug|Any CPU
		Release|Any CPU = Release|Any CPU
	EndGlobalSection
	GlobalSection(ProjectConfigurationPlatforms) = postSolution
		{A336A7AA-DF57-4904-BDD1-65CFD64C7D77}.Debug|Any CPU.ActiveCfg = Debug|Any CPU
		{A336A7AA-DF57-4904-BDD1-65CFD64C7D77}.Debug|Any CPU.Build.0 = Debug|Any CPU
		{A336A7AA-DF57-4904-BDD1-65CFD64C7D77}.Release|Any CPU.ActiveCfg = Release|Any CPU
		{A336A7AA-DF57-4904-BDD1-65CFD64C7D77}.Release|Any CPU.Build.0 = Release|Any CPU
	EndGlobalSection
	GlobalSection(SolutionProperties) = preSolution
		HideSolutionNode = FALSE
	EndGlobalSection
	GlobalSection(ExtensibilityGlobals) = postSolution
		SolutionGuid = {F53F69F9-EF2C-402A-B13C-CEDBDD192F20}
	EndGlobalSection
EndGlobal
